
Microsoft Visual Studio Solution File, Format Version 12.00
# Visual Studio Version 17
VisualStudioVersion = 17.1.31911.260
MinimumVisualStudioVersion = 10.0.40219.1
Project("{FAE04EC0-301F-11D3-BF4B-00C04F79EFBC}") = "Vector", "Vector\Vector.csproj", "{31470B5A-930C-4463-AA0F-DB5AB8134024}"
EndProject
Project("{FAE04EC0-301F-11D3-BF4B-00C04F79EFBC}") = "VectorProgram", "VectorProgram\VectorProgram.csproj", "{A1E5A755-12CE-4823-A1BE-3468906AE540}"
EndProject
Global
	GlobalSection(SolutionConfigurationPlatforms) = preSolution
		Debug|Any CPU = Debug|Any CPU
		Release|Any CPU = Release|Any CPU
	EndGlobalSection
	GlobalSection(ProjectConfigurationPlatforms) = postSolution
		{31470B5A-930C-4463-AA0F-DB5AB8134024}.Debug|Any CPU.ActiveCfg = Debug|Any CPU
		{31470B5A-930C-4463-AA0F-DB5AB8134024}.Debug|Any CPU.Build.0 = Debug|Any CPU
		{31470B5A-930C-4463-AA0F-DB5AB8134024}.Release|Any CPU.ActiveCfg = Release|Any CPU
		{31470B5A-930C-4463-AA0F-DB5AB8134024}.Release|Any CPU.Build.0 = Release|Any CPU
		{A1E5A755-12CE-4823-A1BE-3468906AE540}.Debug|Any CPU.ActiveCfg = Debug|Any CPU
		{A1E5A755-12CE-4823-A1BE-3468906AE540}.Debug|Any CPU.Build.0 = Debug|Any CPU
		{A1E5A755-12CE-4823-A1BE-3468906AE540}.Release|Any CPU.ActiveCfg = Release|Any CPU
		{A1E5A755-12CE-4823-A1BE-3468906AE540}.Release|Any CPU.Build.0 = Release|Any CPU
	EndGlobalSection
	GlobalSection(SolutionProperties) = preSolution
		HideSolutionNode = FALSE
	EndGlobalSection
	GlobalSection(ExtensibilityGlobals) = postSolution
		SolutionGuid = {7D0F2D55-DCAB-401C-AD8C-B6A036FCBA34}
	EndGlobalSection
EndGlobal
